// !$*UTF8*$!
{
	archiveVersion = 1;
	classes = {
	};
	objectVersion = 77;
	objects = {

/* Begin PBXContainerItemProxy section */
		5A928D1A2F7D86DB008C8502 /* PBXContainerItemProxy */ = {
			isa = PBXContainerItemProxy;
			containerPortal = 5A928D042F7D86D9008C8502 /* Project object */;
			proxyType = 1;
			remoteGlobalIDString = 5A928D0B2F7D86D9008C8502;
			remoteInfo = Filab;
		};
		5A928D242F7D86DB008C8502 /* PBXContainerItemProxy */ = {
			isa = PBXContainerItemProxy;
			containerPortal = 5A928D042F7D86D9008C8502 /* Project object */;
			proxyType = 1;
			remoteGlobalIDString = 5A928D0B2F7D86D9008C8502;
			remoteInfo = Filab;
		};
/* End PBXContainerItemProxy section */

/* Begin PBXFileReference section */
		5A928D0C2F7D86D9008C8502 /* Filab.app */ = {isa = PBXFileReference; explicitFileType = wrapper.application; includeInIndex = 0; path = Filab.app; sourceTree = BUILT_PRODUCTS_DIR; };
		5A928D192F7D86DB008C8502 /* FilabTests.xctest */ = {isa = PBXFileReference; explicitFileType = wrapper.cfbundle; includeInIndex = 0; path = FilabTests.xctest; sourceTree = BUILT_PRODUCTS_DIR; };
		5A928D232F7D86DB008C8502 /* FilabUITests.xctest */ = {isa = PBXFileReference; explicitFileType = wrapper.cfbundle; includeInIndex = 0; path = FilabUITests.xctest; sourceTree = BUILT_PRODUCTS_DIR; };
		5A928D712F7E19CB008C8502 /* FilmLab.xcodeproj */ = {isa = PBXFileReference; lastKnownFileType = "wrapper.pb-project"; path = FilmLab.xcodeproj; sourceTree = "<group>"; };
/* End PBXFileReference section */

/* Begin PBXFileSystemSynchronizedRootGroup section */
		5A928D0E2F7D86D9008C8502 /* Filab */ = {
			isa = PBXFileSystemSynchronizedRootGroup;
			path = Filab;
			sourceTree = "<group>";
		};
		5A928D1C2F7D86DB008C8502 /* FilabTests */ = {
			isa = PBXFileSystemSynchronizedRootGroup;
			path = FilabTests;
			sourceTree = "<group>";
		};
		5A928D262F7D86DB008C8502 /* FilabUITests */ = {
			isa = PBXFileSystemSynchronizedRootGroup;
			path = FilabUITests;
			sourceTree = "<group>";
		};
/* End PBXFileSystemSynchronizedRootGroup section */

/* Begin PBXFrameworksBuildPhase section */
		5A928D092F7D86D9008C8502 /* Frameworks */ = {
			isa = PBXFrameworksBuildPhase;
			buildActionMask = 2147483647;
			files = (
			);
			runOnlyForDeploymentPostprocessing = 0;
		};
		5A928D162F7D86DB008C8502 /* Frameworks */ = {
			isa = PBXFrameworksBuildPhase;
			buildActionMask = 2147483647;
			files = (
			);
			runOnlyForDeploymentPostprocessing = 0;
		};
		5A928D202F7D86DB008C8502 /* Frameworks */ = {
			isa = PBXFrameworksBuildPhase;
			buildActionMask = 2147483647;
			files = (
			);
			runOnlyForDeploymentPostprocessing = 0;
		};
/* End PBXFrameworksBuildPhase section */

/* Begin PBXGroup section */
		5A928D032F7D86D9008C8502 = {
			isa = PBXGroup;
			children = (
				5A928D0E2F7D86D9008C8502 /* Filab */,
				5A928D1C2F7D86DB008C8502 /* FilabTests */,
				5A928D262F7D86DB008C8502 /* FilabUITests */,
				5A928D0D2F7D86D9008C8502 /* Products */,
			);
			sourceTree = "<group>";
		};
		5A928D0D2F7D86D9008C8502 /* Products */ = {
			isa = PBXGroup;
			children = (
				5A928D0C2F7D86D9008C8502 /* Filab.app */,
				5A928D192F7D86DB008C8502 /* FilabTests.xctest */,
				5A928D232F7D86DB008C8502 /* FilabUITests.xctest */,
			);
			name = Products;
			sourceTree = "<group>";
		};
		5A928D722F7E19CB008C8502 /* Products */ = {
			isa = PBXGroup;
			name = Products;
			sourceTree = "<group>";
		};
/* End PBXGroup section */

/* Begin PBXNativeTarget section */
		5A928D0B2F7D86D9008C8502 /* Filab */ = {
			isa = PBXNativeTarget;
			buildConfigurationList = 5A928D2D2F7D86DB008C8502 /* Build configuration list for PBXNativeTarget "Filab" */;
			buildPhases = (
				5A928D082F7D86D9008C8502 /* Sources */,
				5A928D092F7D86D9008C8502 /* Frameworks */,
				5A928D0A2F7D86D9008C8502 /* Resources */,
			);
			buildRules = (
			);
			dependencies = (
			);
			fileSystemSynchronizedGroups = (
				5A928D0E2F7D86D9008C8502 /* Filab */,
			);
			name = Filab;
			packageProductDependencies = (
			);
			productName = Filab;
			productReference = 5A928D0C2F7D86D9008C8502 /* Filab.app */;
			productType = "com.apple.product-type.application";
		};
		5A928D182F7D86DB008C8502 /* FilabTests */ = {
			isa = PBXNativeTarget;
			buildConfigurationList = 5A928D302F7D86DB008C8502 /* Build configuration list for PBXNativeTarget "FilabTests" */;
			buildPhases = (
				5A928D152F7D86DB008C8502 /* Sources */,
				5A928D162F7D86DB008C8502 /* Frameworks */,
				5A928D172F7D86DB008C8502 /* Resources */,
			);
			buildRules = (
			);
			dependencies = (
				5A928D1B2F7D86DB008C8502 /* PBXTargetDependency */,
			);
			fileSystemSynchronizedGroups = (
				5A928D1C2F7D86DB008C8502 /* FilabTests */,
			);
			name = FilabTests;
			packageProductDependencies = (
			);
			productName = FilabTests;
			productReference = 5A928D192F7D86DB008C8502 /* FilabTests.xctest */;
			productType = "com.apple.product-type.bundle.unit-test";
		};
		5A928D222F7D86DB008C8502 /* FilabUITests */ = {
			isa = PBXNativeTarget;
			buildConfigurationList = 5A928D332F7D86DB008C8502 /* Build configuration list for PBXNativeTarget "FilabUITests" */;
			buildPhases = (
				5A928D1F2F7D86DB008C8502 /* Sources */,
				5A928D202F7D86DB008C8502 /* Frameworks */,
				5A928D212F7D86DB008C8502 /* Resources */,
			);
			buildRules = (
			);
			dependencies = (
				5A928D252F7D86DB008C8502 /* PBXTargetDependency */,
			);
			fileSystemSynchronizedGroups = (
				5A928D262F7D86DB008C8502 /* FilabUITests */,
			);
			name = FilabUITests;
			packageProductDependencies = (
			);
			productName = FilabUITests;
			productReference = 5A928D232F7D86DB008C8502 /* FilabUITests.xctest */;
			productType = "com.apple.product-type.bundle.ui-testing";
		};
/* End PBXNativeTarget section */

/* Begin PBXProject section */
		5A928D042F7D86D9008C8502 /* Project object */ = {
			isa = PBXProject;
			attributes = {
				BuildIndependentTargetsInParallel = 1;
				LastSwiftUpdateCheck = 2640;
				LastUpgradeCheck = 2640;
				TargetAttributes = {
					5A928D0B2F7D86D9008C8502 = {
						CreatedOnToolsVersion = 26.4;
					};
					5A928D182F7D86DB008C8502 = {
						CreatedOnToolsVersion = 26.4;
						TestTargetID = 5A928D0B2F7D86D9008C8502;
					};
					5A928D222F7D86DB008C8502 = {
						CreatedOnToolsVersion = 26.4;
						TestTargetID = 5A928D0B2F7D86D9008C8502;
					};
				};
			};
			buildConfigurationList = 5A928D072F7D86D9008C8502 /* Build configuration list for PBXProject "Filab" */;
			developmentRegion = en;
			hasScannedForEncodings = 0;
			knownRegions = (
				en,
				Base,
			);
			mainGroup = 5A928D032F7D86D9008C8502;
			minimizedProjectReferenceProxies = 1;
			preferredProjectObjectVersion = 77;
			productRefGroup = 5A928D0D2F7D86D9008C8502 /* Products */;
			projectDirPath = "";
			projectReferences = (
				{
					ProductGroup = 5A928D722F7E19CB008C8502 /* Products */;
					ProjectRef = 5A928D712F7E19CB008C8502 /* FilmLab.xcodeproj */;
				},
			);
			projectRoot = "";
			targets = (
				5A928D0B2F7D86D9008C8502 /* Filab */,
				5A928D182F7D86DB008C8502 /* FilabTests */,
				5A928D222F7D86DB008C8502 /* FilabUITests */,
			);
		};
/* End PBXProject section */

/* Begin PBXResourcesBuildPhase section */
		5A928D0A2F7D86D9008C8502 /* Resources */ = {
			isa = PBXResourcesBuildPhase;
			buildActionMask = 2147483647;
			files = (
			);
			runOnlyForDeploymentPostprocessing = 0;
		};
		5A928D172F7D86DB008C8502 /* Resources */ = {
			isa = PBXResourcesBuildPhase;
			buildActionMask = 2147483647;
			files = (
			);
			runOnlyForDeploymentPostprocessing = 0;
		};
		5A928D212F7D86DB008C8502 /* Resources */ = {
			isa = PBXResourcesBuildPhase;
			buildActionMask = 2147483647;
			files = (
			);
			runOnlyForDeploymentPostprocessing = 0;
		};
/* End PBXResourcesBuildPhase section */

/* Begin PBXSourcesBuildPhase section */
		5A928D082F7D86D9008C8502 /* Sources */ = {
			isa = PBXSourcesBuildPhase;
			buildActionMask = 2147483647;
			files = (
			);
			runOnlyForDeploymentPostprocessing = 0;
		};
		5A928D152F7D86DB008C8502 /* Sources */ = {
			isa = PBXSourcesBuildPhase;
			buildActionMask = 2147483647;
			files = (
			);
			runOnlyForDeploymentPostprocessing = 0;
		};
		5A928D1F2F7D86DB008C8502 /* Sources */ = {
			isa = PBXSourcesBuildPhase;
			buildActionMask = 2147483647;
			files = (
			);
			runOnlyForDeploymentPostprocessing = 0;
		};
/* End PBXSourcesBuildPhase section */

/* Begin PBXTargetDependency section */
		5A928D1B2F7D86DB008C8502 /* PBXTargetDependency */ = {
			isa = PBXTargetDependency;
			target = 5A928D0B2F7D86D9008C8502 /* Filab */;
			targetProxy = 5A928D1A2F7D86DB008C8502 /* PBXContainerItemProxy */;
		};
		5A928D252F7D86DB008C8502 /* PBXTargetDependency */ = {
			isa = PBXTargetDependency;
			target = 5A928D0B2F7D86D9008C8502 /* Filab */;
			targetProxy = 5A928D242F7D86DB008C8502 /* PBXContainerItemProxy */;
		};
/* End PBXTargetDependency section */

/* Begin XCBuildConfiguration section */
		5A928D2B2F7D86DB008C8502 /* Debug */ = {
			isa = XCBuildConfiguration;
			buildSettings = {
				ALWAYS_SEARCH_USER_PATHS = NO;
				ASSETCATALOG_COMPILER_GENERATE_SWIFT_ASSET_SYMBOL_EXTENSIONS = YES;
				CLANG_ANALYZER_NONNULL = YES;
				CLANG_ANALYZER_NUMBER_OBJECT_CONVERSION = YES_AGGRESSIVE;
				CLANG_CXX_LANGUAGE_STANDARD = "gnu++20";
				CLANG_ENABLE_MODULES = YES;
				CLANG_ENABLE_OBJC_ARC = YES;
				CLANG_ENABLE_OBJC_WEAK = YES;
				CLANG_WARN_BLOCK_CAPTURE_AUTORELEASING = YES;
				CLANG_WARN_BOOL_CONVERSION = YES;
				CLANG_WARN_COMMA = YES;
				CLANG_WARN_CONSTANT_CONVERSION = YES;
				CLANG_WARN_DEPRECATED_OBJC_IMPLEMENTATIONS = YES;
				CLANG_WARN_DIRECT_OBJC_ISA_USAGE = YES_ERROR;
				CLANG_WARN_DOCUMENTATION_COMMENTS = YES;
				CLANG_WARN_EMPTY_BODY = YES;
				CLANG_WARN_ENUM_CONVERSION = YES;
				CLANG_WARN_INFINITE_RECURSION = YES;
				CLANG_WARN_INT_CONVERSION = YES;
				CLANG_WARN_NON_LITERAL_NULL_CONVERSION = YES;
				CLANG_WARN_OBJC_IMPLICIT_RETAIN_SELF = YES;
				CLANG_WARN_OBJC_LITERAL_CONVERSION = YES;
				CLANG_WARN_OBJC_ROOT_CLASS = YES_ERROR;
				CLANG_WARN_QUOTED_INCLUDE_IN_FRAMEWORK_HEADER = YES;
				CLANG_WARN_RANGE_LOOP_ANALYSIS = YES;
				CLANG_WARN_STRICT_PROTOTYPES = YES;
				CLANG_WARN_SUSPICIOUS_MOVE = YES;
				CLANG_WARN_UNGUARDED_AVAILABILITY = YES_AGGRESSIVE;
				CLANG_WARN_UNREACHABLE_CODE = YES;
				CLANG_WARN__DUPLICATE_METHOD_MATCH = YES;
				COPY_PHASE_STRIP = NO;
				DEBUG_INFORMATION_FORMAT = dwarf;
				ENABLE_STRICT_OBJC_MSGSEND = YES;
				ENABLE_TESTABILITY = YES;
				ENABLE_USER_SCRIPT_SANDBOXING = YES;
				GCC_C_LANGUAGE_STANDARD = gnu17;
				GCC_DYNAMIC_NO_PIC = NO;
				GCC_NO_COMMON_BLOCKS = YES;
				GCC_OPTIMIZATION_LEVEL = 0;
				GCC_PREPROCESSOR_DEFINITIONS = (
					"DEBUG=1",
					"$(inherited)",
				);
				GCC_WARN_64_TO_32_BIT_CONVERSION = YES;
				GCC_WARN_ABOUT_RETURN_TYPE = YES_ERROR;
				GCC_WARN_UNDECLARED_SELECTOR = YES;
				GCC_WARN_UNINITIALIZED_AUTOS = YES_AGGRESSIVE;
				GCC_WARN_UNUSED_FUNCTION = YES;
				GCC_WARN_UNUSED_VARIABLE = YES;
				IPHONEOS_DEPLOYMENT_TARGET = 26.4;
				LOCALIZATION_PREFERS_STRING_CATALOGS = YES;
				MTL_ENABLE_DEBUG_INFO = INCLUDE_SOURCE;
				MTL_FAST_MATH = YES;
				ONLY_ACTIVE_ARCH = YES;
				SDKROOT = iphoneos;
				SWIFT_ACTIVE_COMPILATION_CONDITIONS = "DEBUG $(inherited)";
				SWIFT_OPTIMIZATION_LEVEL = "-Onone";
			};
			name = Debug;
		};
		5A928D2C2F7D86DB008C8502 /* Release */ = {
			isa = XCBuildConfiguration;
			buildSettings = {
				ALWAYS_SEARCH_USER_PATHS = NO;
				ASSETCATALOG_COMPILER_GENERATE_SWIFT_ASSET_SYMBOL_EXTENSIONS = YES;
				CLANG_ANALYZER_NONNULL = YES;
				CLANG_ANALYZER_NUMBER_OBJECT_CONVERSION = YES_AGGRESSIVE;
				CLANG_CXX_LANGUAGE_STANDARD = "gnu++20";
				CLANG_ENABLE_MODULES = YES;
				CLANG_ENABLE_OBJC_ARC = YES;
				CLANG_ENABLE_OBJC_WEAK = YES;
				CLANG_WARN_BLOCK_CAPTURE_AUTORELEASING = YES;
				CLANG_WARN_BOOL_CONVERSION = YES;
				CLANG_WARN_COMMA = YES;
				CLANG_WARN_CONSTANT_CONVERSION = YES;
				CLANG_WARN_DEPRECATED_OBJC_IMPLEMENTATIONS = YES;
				CLANG_WARN_DIRECT_OBJC_ISA_USAGE = YES_ERROR;
				CLANG_WARN_DOCUMENTATION_COMMENTS = YES;
				CLANG_WARN_EMPTY_BODY = YES;
				CLANG_WARN_ENUM_CONVERSION = YES;
				CLANG_WARN_INFINITE_RECURSION = YES;
				CLANG_WARN_INT_CONVERSION = YES;
				CLANG_WARN_NON_LITERAL_NULL_CONVERSION = YES;
				CLANG_WARN_OBJC_IMPLICIT_RETAIN_SELF = YES;
				CLANG_WARN_OBJC_LITERAL_CONVERSION = YES;
				CLANG_WARN_OBJC_ROOT_CLASS = YES_ERROR;
				CLANG_WARN_QUOTED_INCLUDE_IN_FRAMEWORK_HEADER = YES;
				CLANG_WARN_RANGE_LOOP_ANALYSIS = YES;
				CLANG_WARN_STRICT_PROTOTYPES = YES;
				CLANG_WARN_SUSPICIOUS_MOVE = YES;
				CLANG_WARN_UNGUARDED_AVAILABILITY = YES_AGGRESSIVE;
				CLANG_WARN_UNREACHABLE_CODE = YES;
				CLANG_WARN__DUPLICATE_METHOD_MATCH = YES;
				COPY_PHASE_STRIP = NO;
				DEBUG_INFORMATION_FORMAT = "dwarf-with-dsym";
				ENABLE_NS_ASSERTIONS = NO;
				ENABLE_STRICT_OBJC_MSGSEND = YES;
				ENABLE_USER_SCRIPT_SANDBOXING = YES;
				GCC_C_LANGUAGE_STANDARD = gnu17;
				GCC_NO_COMMON_BLOCKS = YES;
				GCC_WARN_64_TO_32_BIT_CONVERSION = YES;
				GCC_WARN_ABOUT_RETURN_TYPE = YES_ERROR;
				GCC_WARN_UNDECLARED_SELECTOR = YES;
				GCC_WARN_UNINITIALIZED_AUTOS = YES_AGGRESSIVE;
				GCC_WARN_UNUSED_FUNCTION = YES;
				GCC_WARN_UNUSED_VARIABLE = YES;
				IPHONEOS_DEPLOYMENT_TARGET = 26.4;
				LOCALIZATION_PREFERS_STRING_CATALOGS = YES;
				MTL_ENABLE_DEBUG_INFO = NO;
				MTL_FAST_MATH = YES;
				SDKROOT = iphoneos;
				SWIFT_COMPILATION_MODE = wholemodule;
				VALIDATE_PRODUCT = YES;
			};
			name = Release;
		};
		5A928D2E2F7D86DB008C8502 /* Debug */ = {
			isa = XCBuildConfiguration;
			buildSettings = {
				ASSETCATALOG_COMPILER_APPICON_NAME = AppIcon;
				ASSETCATALOG_COMPILER_GLOBAL_ACCENT_COLOR_NAME = AccentColor;
				CODE_SIGN_STYLE = Automatic;
				CURRENT_PROJECT_VERSION = 1;
				DEVELOPMENT_TEAM = RLAF2V3H58;
				ENABLE_PREVIEWS = YES;
				GENERATE_INFOPLIST_FILE = YES;
				INFOPLIST_KEY_NSCameraUsageDescription = "需要访问相机权限以拍摄照片并保存到系统相册";
				INFOPLIST_KEY_NSPhotoLibraryAddUsageDescription = "需要访问相册权限以保存编辑后的照片";
				INFOPLIST_KEY_NSPhotoLibraryUsageDescription = "需要访问相册权限以选择照片进行编辑";
				INFOPLIST_KEY_UIApplicationSceneManifest_Generation = YES;
				INFOPLIST_KEY_UIApplicationSupportsIndirectInputEvents = YES;
				INFOPLIST_KEY_UILaunchScreen_Generation = YES;
				INFOPLIST_KEY_UISupportedInterfaceOrientations_iPad = "UIInterfaceOrientationPortrait UIInterfaceOrientationPortraitUpsideDown UIInterfaceOrientationLandscapeLeft UIInterfaceOrientationLandscapeRight";
				INFOPLIST_KEY_UISupportedInterfaceOrientations_iPhone = "UIInterfaceOrientationPortrait UIInterfaceOrientationLandscapeLeft UIInterfaceOrientationLandscapeRight";
				LD_RUNPATH_SEARCH_PATHS = (
					"$(inherited)",
					"@executable_path/Frameworks",
				);
				MARKETING_VERSION = 1.0;
				PRODUCT_BUNDLE_IDENTIFIER = com.leoenchanted.Filab;
				PRODUCT_NAME = "$(TARGET_NAME)";
				STRING_CATALOG_GENERATE_SYMBOLS = YES;
				SWIFT_APPROACHABLE_CONCURRENCY = YES;
				SWIFT_DEFAULT_ACTOR_ISOLATION = MainActor;
				SWIFT_EMIT_LOC_STRINGS = YES;
				SWIFT_UPCOMING_FEATURE_MEMBER_IMPORT_VISIBILITY = YES;
				SWIFT_VERSION = 5.0;
				TARGETED_DEVICE_FAMILY = "1,2";
			};
			name = Debug;
		};
		5A928D2F2F7D86DB008C8502 /* Release */ = {
			isa = XCBuildConfiguration;
			buildSettings = {
				ASSETCATALOG_COMPILER_APPICON_NAME = AppIcon;
				ASSETCATALOG_COMPILER_GLOBAL_ACCENT_COLOR_NAME = AccentColor;
				CODE_SIGN_STYLE = Automatic;
				CURRENT_PROJECT_VERSION = 1;
				DEVELOPMENT_TEAM = RLAF2V3H58;
				ENABLE_PREVIEWS = YES;
				GENERATE_INFOPLIST_FILE = YES;
				INFOPLIST_KEY_NSCameraUsageDescription = "需要访问相机权限以拍摄照片并保存到系统相册";
				INFOPLIST_KEY_NSPhotoLibraryAddUsageDescription = "需要访问相册权限以保存编辑后的照片";
				INFOPLIST_KEY_NSPhotoLibraryUsageDescription = "需要访问相册权限以选择照片进行编辑";
				INFOPLIST_KEY_UIApplicationSceneManifest_Generation = YES;
				INFOPLIST_KEY_UIApplicationSupportsIndirectInputEvents = YES;
				INFOPLIST_KEY_UILaunchScreen_Generation = YES;
				INFOPLIST_KEY_UISupportedInterfaceOrientations_iPad = "UIInterfaceOrientationPortrait UIInterfaceOrientationPortraitUpsideDown UIInterfaceOrientationLandscapeLeft UIInterfaceOrientationLandscapeRight";
				INFOPLIST_KEY_UISupportedInterfaceOrientations_iPhone = "UIInterfaceOrientationPortrait UIInterfaceOrientationLandscapeLeft UIInterfaceOrientationLandscapeRight";
				LD_RUNPATH_SEARCH_PATHS = (
					"$(inherited)",
					"@executable_path/Frameworks",
				);
				MARKETING_VERSION = 1.0;
				PRODUCT_BUNDLE_IDENTIFIER = com.leoenchanted.Filab;
				PRODUCT_NAME = "$(TARGET_NAME)";
				STRING_CATALOG_GENERATE_SYMBOLS = YES;
				SWIFT_APPROACHABLE_CONCURRENCY = YES;
				SWIFT_DEFAULT_ACTOR_ISOLATION = MainActor;
				SWIFT_EMIT_LOC_STRINGS = YES;
				SWIFT_UPCOMING_FEATURE_MEMBER_IMPORT_VISIBILITY = YES;
				SWIFT_VERSION = 5.0;
				TARGETED_DEVICE_FAMILY = "1,2";
			};
			name = Release;
		};
		5A928D312F7D86DB008C8502 /* Debug */ = {
			isa = XCBuildConfiguration;
			buildSettings = {
				BUNDLE_LOADER = "$(TEST_HOST)";
				CODE_SIGN_STYLE = Automatic;
				CURRENT_PROJECT_VERSION = 1;
				GENERATE_INFOPLIST_FILE = YES;
				IPHONEOS_DEPLOYMENT_TARGET = 26.4;
				MARKETING_VERSION = 1.0;
				PRODUCT_BUNDLE_IDENTIFIER = com.leoenchanted.FilabTests;
				PRODUCT_NAME = "$(TARGET_NAME)";
				STRING_CATALOG_GENERATE_SYMBOLS = NO;
				SWIFT_APPROACHABLE_CONCURRENCY = YES;
				SWIFT_EMIT_LOC_STRINGS = NO;
				SWIFT_UPCOMING_FEATURE_MEMBER_IMPORT_VISIBILITY = YES;
				SWIFT_VERSION = 5.0;
				TARGETED_DEVICE_FAMILY = "1,2";
				TEST_HOST = "$(BUILT_PRODUCTS_DIR)/Filab.app/$(BUNDLE_EXECUTABLE_FOLDER_PATH)/Filab";
			};
			name = Debug;
		};
		5A928D322F7D86DB008C8502 /* Release */ = {
			isa = XCBuildConfiguration;
			buildSettings = {
				BUNDLE_LOADER = "$(TEST_HOST)";
				CODE_SIGN_STYLE = Automatic;
				CURRENT_PROJECT_VERSION = 1;
				GENERATE_INFOPLIST_FILE = YES;
				IPHONEOS_DEPLOYMENT_TARGET = 26.4;
				MARKETING_VERSION = 1.0;
				PRODUCT_BUNDLE_IDENTIFIER = com.leoenchanted.FilabTests;
				PRODUCT_NAME = "$(TARGET_NAME)";
				STRING_CATALOG_GENERATE_SYMBOLS = NO;
				SWIFT_APPROACHABLE_CONCURRENCY = YES;
				SWIFT_EMIT_LOC_STRINGS = NO;
				SWIFT_UPCOMING_FEATURE_MEMBER_IMPORT_VISIBILITY = YES;
				SWIFT_VERSION = 5.0;
				TARGETED_DEVICE_FAMILY = "1,2";
				TEST_HOST = "$(BUILT_PRODUCTS_DIR)/Filab.app/$(BUNDLE_EXECUTABLE_FOLDER_PATH)/Filab";
			};
			name = Release;
		};
		5A928D342F7D86DB008C8502 /* Debug */ = {
			isa = XCBuildConfiguration;
			buildSettings = {
				CODE_SIGN_STYLE = Automatic;
				CURRENT_PROJECT_VERSION = 1;
				GENERATE_INFOPLIST_FILE = YES;
				MARKETING_VERSION = 1.0;
				PRODUCT_BUNDLE_IDENTIFIER = com.leoenchanted.FilabUITests;
				PRODUCT_NAME = "$(TARGET_NAME)";
				STRING_CATALOG_GENERATE_SYMBOLS = NO;
				SWIFT_APPROACHABLE_CONCURRENCY = YES;
				SWIFT_EMIT_LOC_STRINGS = NO;
				SWIFT_UPCOMING_FEATURE_MEMBER_IMPORT_VISIBILITY = YES;
				SWIFT_VERSION = 5.0;
				TARGETED_DEVICE_FAMILY = "1,2";
				TEST_TARGET_NAME = Filab;
			};
			name = Debug;
		};
		5A928D352F7D86DB008C8502 /* Release */ = {
			isa = XCBuildConfiguration;
			buildSettings = {
				CODE_SIGN_STYLE = Automatic;
				CURRENT_PROJECT_VERSION = 1;
				GENERATE_INFOPLIST_FILE = YES;
				MARKETING_VERSION = 1.0;
				PRODUCT_BUNDLE_IDENTIFIER = com.leoenchanted.FilabUITests;
				PRODUCT_NAME = "$(TARGET_NAME)";
				STRING_CATALOG_GENERATE_SYMBOLS = NO;
				SWIFT_APPROACHABLE_CONCURRENCY = YES;
				SWIFT_EMIT_LOC_STRINGS = NO;
				SWIFT_UPCOMING_FEATURE_MEMBER_IMPORT_VISIBILITY = YES;
				SWIFT_VERSION = 5.0;
				TARGETED_DEVICE_FAMILY = "1,2";
				TEST_TARGET_NAME = Filab;
			};
			name = Release;
		};
/* End XCBuildConfiguration section */

/* Begin XCConfigurationList section */
		5A928D072F7D86D9008C8502 /* Build configuration list for PBXProject "Filab" */ = {
			isa = XCConfigurationList;
			buildConfigurations = (
				5A928D2B2F7D86DB008C8502 /* Debug */,
				5A928D2C2F7D86DB008C8502 /* Release */,
			);
			defaultConfigurationIsVisible = 0;
			defaultConfigurationName = Release;
		};
		5A928D2D2F7D86DB008C8502 /* Build configuration list for PBXNativeTarget "Filab" */ = {
			isa = XCConfigurationList;
			buildConfigurations = (
				5A928D2E2F7D86DB008C8502 /* Debug */,
				5A928D2F2F7D86DB008C8502 /* Release */,
			);
			defaultConfigurationIsVisible = 0;
			defaultConfigurationName = Release;
		};
		5A928D302F7D86DB008C8502 /* Build configuration list for PBXNativeTarget "FilabTests" */ = {
			isa = XCConfigurationList;
			buildConfigurations = (
				5A928D312F7D86DB008C8502 /* Debug */,
				5A928D322F7D86DB008C8502 /* Release */,
			);
			defaultConfigurationIsVisible = 0;
			defaultConfigurationName = Release;
		};
		5A928D332F7D86DB008C8502 /* Build configuration list for PBXNativeTarget "FilabUITests" */ = {
			isa = XCConfigurationList;
			buildConfigurations = (
				5A928D342F7D86DB008C8502 /* Debug */,
				5A928D352F7D86DB008C8502 /* Release */,
			);
			defaultConfigurationIsVisible = 0;
			defaultConfigurationName = Release;
		};
/* End XCConfigurationList section */
	};
	rootObject = 5A928D042F7D86D9008C8502 /* Project object */;
}
